// !$*UTF8*$!
{
	archiveVersion = 1;
	classes = {
	};
	objectVersion = 46;
	objects = {

/* Begin PBXBuildFile section */
		730ECD201D37926E00E92709 /* main.m in Sources */ = {isa = PBXBuildFile; fileRef = 730ECD1F1D37926E00E92709 /* main.m */; };
		730ECD231D37926E00E92709 /* AppDelegate.m in Sources */ = {isa = PBXBuildFile; fileRef = 730ECD221D37926E00E92709 /* AppDelegate.m */; };
		730ECD261D37926E00E92709 /* ViewController.m in Sources */ = {isa = PBXBuildFile; fileRef = 730ECD251D37926E00E92709 /* ViewController.m */; };
		730ECD291D37926E00E92709 /* Main.storyboard in Resources */ = {isa = PBXBuildFile; fileRef = 730ECD271D37926E00E92709 /* Main.storyboard */; };
		730ECD2B1D37926E00E92709 /* Assets.xcassets in Resources */ = {isa = PBXBuildFile; fileRef = 730ECD2A1D37926E00E92709 /* Assets.xcassets */; };
		730ECD2E1D37926E00E92709 /* LaunchScreen.storyboard in Resources */ = {isa = PBXBuildFile; fileRef = 730ECD2C1D37926E00E92709 /* LaunchScreen.storyboard */; };
		730ECD391D37926E00E92709 /* WDFCalenderDemoTests.m in Sources */ = {isa = PBXBuildFile; fileRef = 730ECD381D37926E00E92709 /* WDFCalenderDemoTests.m */; };
		730ECD441D37926E00E92709 /* WDFCalenderDemoUITests.m in Sources */ = {isa = PBXBuildFile; fileRef = 730ECD431D37926E00E92709 /* WDFCalenderDemoUITests.m */; };
		730ECD621D38BC2300E92709 /* WDFCalenderViewController.m in Sources */ = {isa = PBXBuildFile; fileRef = 730ECD601D38BC2300E92709 /* WDFCalenderViewController.m */; };
		730ECD6E1D39F74600E92709 /* HYCalendarTool.m in Sources */ = {isa = PBXBuildFile; fileRef = 730ECD6D1D39F74600E92709 /* HYCalendarTool.m */; };
		730ECD721D3A2E9900E92709 /* ExerciseCalenderCell.m in Sources */ = {isa = PBXBuildFile; fileRef = 730ECD701D3A2E9900E92709 /* ExerciseCalenderCell.m */; };
		730ECD731D3A2E9900E92709 /* ExerciseCalenderCell.xib in Resources */ = {isa = PBXBuildFile; fileRef = 730ECD711D3A2E9900E92709 /* ExerciseCalenderCell.xib */; };
		7399D6901D3C795B0091C374 /* TemperatureCell.m in Sources */ = {isa = PBXBuildFile; fileRef = 7399D68E1D3C795B0091C374 /* TemperatureCell.m */; };
		7399D6911D3C795B0091C374 /* TemperatureCell.xib in Resources */ = {isa = PBXBuildFile; fileRef = 7399D68F1D3C795B0091C374 /* TemperatureCell.xib */; };
		7399D6951D3C806B0091C374 /* BloodPressureCell.m in Sources */ = {isa = PBXBuildFile; fileRef = 7399D6931D3C806B0091C374 /* BloodPressureCell.m */; };
		7399D6961D3C806B0091C374 /* BloodPressureCell.xib in Resources */ = {isa = PBXBuildFile; fileRef = 7399D6941D3C806B0091C374 /* BloodPressureCell.xib */; };
		73E4F77E1D3C8A9D00849278 /* ViewController2.m in Sources */ = {isa = PBXBuildFile; fileRef = 73E4F77C1D3C8A9D00849278 /* ViewController2.m */; };
		73E4F77F1D3C8A9D00849278 /* ViewController2.xib in Resources */ = {isa = PBXBuildFile; fileRef = 73E4F77D1D3C8A9D00849278 /* ViewController2.xib */; };
		73E4F7831D3C8AB000849278 /* ViewController3.m in Sources */ = {isa = PBXBuildFile; fileRef = 73E4F7811D3C8AB000849278 /* ViewController3.m */; };
		73E4F7841D3C8AB000849278 /* ViewController3.xib in Resources */ = {isa = PBXBuildFile; fileRef = 73E4F7821D3C8AB000849278 /* ViewController3.xib */; };
		73E4F7881D3C8AC000849278 /* ViewController4.m in Sources */ = {isa = PBXBuildFile; fileRef = 73E4F7861D3C8AC000849278 /* ViewController4.m */; };
		73E4F7891D3C8AC000849278 /* ViewController4.xib in Resources */ = {isa = PBXBuildFile; fileRef = 73E4F7871D3C8AC000849278 /* ViewController4.xib */; };
		73E4F7911D3CA54A00849278 /* WDFCalenderViewController.xib in Resources */ = {isa = PBXBuildFile; fileRef = 73E4F7901D3CA54A00849278 /* WDFCalenderViewController.xib */; };
		73E4F7951D3CAE4600849278 /* calss1ViewController.m in Sources */ = {isa = PBXBuildFile; fileRef = 73E4F7931D3CAE4600849278 /* calss1ViewController.m */; };
		73E4F7961D3CAE4600849278 /* calss1ViewController.xib in Resources */ = {isa = PBXBuildFile; fileRef = 73E4F7941D3CAE4600849278 /* calss1ViewController.xib */; };
/* End PBXBuildFile section */

/* Begin PBXContainerItemProxy section */
		730ECD351D37926E00E92709 /* PBXContainerItemProxy */ = {
			isa = PBXContainerItemProxy;
			containerPortal = 730ECD131D37926E00E92709 /* Project object */;
			proxyType = 1;
			remoteGlobalIDString = 730ECD1A1D37926E00E92709;
			remoteInfo = WDFCalenderDemo;
		};
		730ECD401D37926E00E92709 /* PBXContainerItemProxy */ = {
			isa = PBXContainerItemProxy;
			containerPortal = 730ECD131D37926E00E92709 /* Project object */;
			proxyType = 1;
			remoteGlobalIDString = 730ECD1A1D37926E00E92709;
			remoteInfo = WDFCalenderDemo;
		};
/* End PBXContainerItemProxy section */

/* Begin PBXFileReference section */
		730ECD1B1D37926E00E92709 /* WDFCalenderDemo.app */ = {isa = PBXFileReference; explicitFileType = wrapper.application; includeInIndex = 0; path = WDFCalenderDemo.app; sourceTree = BUILT_PRODUCTS_DIR; };
		730ECD1F1D37926E00E92709 /* main.m */ = {isa = PBXFileReference; lastKnownFileType = sourcecode.c.objc; path = main.m; sourceTree = "<group>"; };
		730ECD211D37926E00E92709 /* AppDelegate.h */ = {isa = PBXFileReference; lastKnownFileType = sourcecode.c.h; path = AppDelegate.h; sourceTree = "<group>"; };
		730ECD221D37926E00E92709 /* AppDelegate.m */ = {isa = PBXFileReference; lastKnownFileType = sourcecode.c.objc; path = AppDelegate.m; sourceTree = "<group>"; };
		730ECD241D37926E00E92709 /* ViewController.h */ = {isa = PBXFileReference; lastKnownFileType = sourcecode.c.h; path = ViewController.h; sourceTree = "<group>"; };
		730ECD251D37926E00E92709 /* ViewController.m */ = {isa = PBXFileReference; lastKnownFileType = sourcecode.c.objc; path = ViewController.m; sourceTree = "<group>"; };
		730ECD281D37926E00E92709 /* Base */ = {isa = PBXFileReference; lastKnownFileType = file.storyboard; name = Base; path = Base.lproj/Main.storyboard; sourceTree = "<group>"; };
		730ECD2A1D37926E00E92709 /* Assets.xcassets */ = {isa = PBXFileReference; lastKnownFileType = folder.assetcatalog; path = Assets.xcassets; sourceTree = "<group>"; };
		730ECD2D1D37926E00E92709 /* Base */ = {isa = PBXFileReference; lastKnownFileType = file.storyboard; name = Base; path = Base.lproj/LaunchScreen.storyboard; sourceTree = "<group>"; };
		730ECD2F1D37926E00E92709 /* Info.plist */ = {isa = PBXFileReference; lastKnownFileType = text.plist.xml; path = Info.plist; sourceTree = "<group>"; };
		730ECD341D37926E00E92709 /* WDFCalenderDemoTests.xctest */ = {isa = PBXFileReference; explicitFileType = wrapper.cfbundle; includeInIndex = 0; path = WDFCalenderDemoTests.xctest; sourceTree = BUILT_PRODUCTS_DIR; };
		730ECD381D37926E00E92709 /* WDFCalenderDemoTests.m */ = {isa = PBXFileReference; lastKnownFileType = sourcecode.c.objc; path = WDFCalenderDemoTests.m; sourceTree = "<group>"; };
		730ECD3A1D37926E00E92709 /* Info.plist */ = {isa = PBXFileReference; lastKnownFileType = text.plist.xml; path = Info.plist; sourceTree = "<group>"; };
		730ECD3F1D37926E00E92709 /* WDFCalenderDemoUITests.xctest */ = {isa = PBXFileReference; explicitFileType = wrapper.cfbundle; includeInIndex = 0; path = WDFCalenderDemoUITests.xctest; sourceTree = BUILT_PRODUCTS_DIR; };
		730ECD431D37926E00E92709 /* WDFCalenderDemoUITests.m */ = {isa = PBXFileReference; lastKnownFileType = sourcecode.c.objc; path = WDFCalenderDemoUITests.m; sourceTree = "<group>"; };
		730ECD451D37926E00E92709 /* Info.plist */ = {isa = PBXFileReference; lastKnownFileType = text.plist.xml; path = Info.plist; sourceTree = "<group>"; };
		730ECD5F1D38BC2300E92709 /* WDFCalenderViewController.h */ = {isa = PBXFileReference; fileEncoding = 4; lastKnownFileType = sourcecode.c.h; path = WDFCalenderViewController.h; sourceTree = "<group>"; };
		730ECD601D38BC2300E92709 /* WDFCalenderViewController.m */ = {isa = PBXFileReference; fileEncoding = 4; lastKnownFileType = sourcecode.c.objc; path = WDFCalenderViewController.m; sourceTree = "<group>"; };
		730ECD6C1D39F74600E92709 /* HYCalendarTool.h */ = {isa = PBXFileReference; fileEncoding = 4; lastKnownFileType = sourcecode.c.h; path = HYCalendarTool.h; sourceTree = "<group>"; };
		730ECD6D1D39F74600E92709 /* HYCalendarTool.m */ = {isa = PBXFileReference; fileEncoding = 4; lastKnownFileType = sourcecode.c.objc; path = HYCalendarTool.m; sourceTree = "<group>"; };
		730ECD6F1D3A2E9900E92709 /* ExerciseCalenderCell.h */ = {isa = PBXFileReference; fileEncoding = 4; lastKnownFileType = sourcecode.c.h; path = ExerciseCalenderCell.h; sourceTree = "<group>"; };
		730ECD701D3A2E9900E92709 /* ExerciseCalenderCell.m */ = {isa = PBXFileReference; fileEncoding = 4; lastKnownFileType = sourcecode.c.objc; path = ExerciseCalenderCell.m; sourceTree = "<group>"; };
		730ECD711D3A2E9900E92709 /* ExerciseCalenderCell.xib */ = {isa = PBXFileReference; fileEncoding = 4; lastKnownFileType = file.xib; path = ExerciseCalenderCell.xib; sourceTree = "<group>"; };
		7399D68D1D3C795B0091C374 /* TemperatureCell.h */ = {isa = PBXFileReference; fileEncoding = 4; lastKnownFileType = sourcecode.c.h; path = TemperatureCell.h; sourceTree = "<group>"; };
		7399D68E1D3C795B0091C374 /* TemperatureCell.m */ = {isa = PBXFileReference; fileEncoding = 4; lastKnownFileType = sourcecode.c.objc; path = TemperatureCell.m; sourceTree = "<group>"; };
		7399D68F1D3C795B0091C374 /* TemperatureCell.xib */ = {isa = PBXFileReference; fileEncoding = 4; lastKnownFileType = file.xib; path = TemperatureCell.xib; sourceTree = "<group>"; };
		7399D6921D3C806B0091C374 /* BloodPressureCell.h */ = {isa = PBXFileReference; fileEncoding = 4; lastKnownFileType = sourcecode.c.h; path = BloodPressureCell.h; sourceTree = "<group>"; };
		7399D6931D3C806B0091C374 /* BloodPressureCell.m */ = {isa = PBXFileReference; fileEncoding = 4; lastKnownFileType = sourcecode.c.objc; path = BloodPressureCell.m; sourceTree = "<group>"; };
		7399D6941D3C806B0091C374 /* BloodPressureCell.xib */ = {isa = PBXFileReference; fileEncoding = 4; lastKnownFileType = file.xib; path = BloodPressureCell.xib; sourceTree = "<group>"; };
		73E4F77B1D3C8A9D00849278 /* ViewController2.h */ = {isa = PBXFileReference; fileEncoding = 4; lastKnownFileType = sourcecode.c.h; path = ViewController2.h; sourceTree = "<group>"; };
		73E4F77C1D3C8A9D00849278 /* ViewController2.m */ = {isa = PBXFileReference; fileEncoding = 4; lastKnownFileType = sourcecode.c.objc; path = ViewController2.m; sourceTree = "<group>"; };
		73E4F77D1D3C8A9D00849278 /* ViewController2.xib */ = {isa = PBXFileReference; fileEncoding = 4; lastKnownFileType = file.xib; path = ViewController2.xib; sourceTree = "<group>"; };
		73E4F7801D3C8AB000849278 /* ViewController3.h */ = {isa = PBXFileReference; fileEncoding = 4; lastKnownFileType = sourcecode.c.h; path = ViewController3.h; sourceTree = "<group>"; };
		73E4F7811D3C8AB000849278 /* ViewController3.m */ = {isa = PBXFileReference; fileEncoding = 4; lastKnownFileType = sourcecode.c.objc; path = ViewController3.m; sourceTree = "<group>"; };
		73E4F7821D3C8AB000849278 /* ViewController3.xib */ = {isa = PBXFileReference; fileEncoding = 4; lastKnownFileType = file.xib; path = ViewController3.xib; sourceTree = "<group>"; };
		73E4F7851D3C8AC000849278 /* ViewController4.h */ = {isa = PBXFileReference; fileEncoding = 4; lastKnownFileType = sourcecode.c.h; path = ViewController4.h; sourceTree = "<group>"; };
		73E4F7861D3C8AC000849278 /* ViewController4.m */ = {isa = PBXFileReference; fileEncoding = 4; lastKnownFileType = sourcecode.c.objc; path = ViewController4.m; sourceTree = "<group>"; };
		73E4F7871D3C8AC000849278 /* ViewController4.xib */ = {isa = PBXFileReference; fileEncoding = 4; lastKnownFileType = file.xib; path = ViewController4.xib; sourceTree = "<group>"; };
		73E4F7901D3CA54A00849278 /* WDFCalenderViewController.xib */ = {isa = PBXFileReference; fileEncoding = 4; lastKnownFileType = file.xib; path = WDFCalenderViewController.xib; sourceTree = "<group>"; };
		73E4F7921D3CAE4600849278 /* calss1ViewController.h */ = {isa = PBXFileReference; fileEncoding = 4; lastKnownFileType = sourcecode.c.h; path = calss1ViewController.h; sourceTree = "<group>"; };
		73E4F7931D3CAE4600849278 /* calss1ViewController.m */ = {isa = PBXFileReference; fileEncoding = 4; lastKnownFileType = sourcecode.c.objc; path = calss1ViewController.m; sourceTree = "<group>"; };
		73E4F7941D3CAE4600849278 /* calss1ViewController.xib */ = {isa = PBXFileReference; fileEncoding = 4; lastKnownFileType = file.xib; path = calss1ViewController.xib; sourceTree = "<group>"; };
/* End PBXFileReference section */

/* Begin PBXFrameworksBuildPhase section */
		730ECD181D37926E00E92709 /* Frameworks */ = {
			isa = PBXFrameworksBuildPhase;
			buildActionMask = 2147483647;
			files = (
			);
			runOnlyForDeploymentPostprocessing = 0;
		};
		730ECD311D37926E00E92709 /* Frameworks */ = {
			isa = PBXFrameworksBuildPhase;
			buildActionMask = 2147483647;
			files = (
			);
			runOnlyForDeploymentPostprocessing = 0;
		};
		730ECD3C1D37926E00E92709 /* Frameworks */ = {
			isa = PBXFrameworksBuildPhase;
			buildActionMask = 2147483647;
			files = (
			);
			runOnlyForDeploymentPostprocessing = 0;
		};
/* End PBXFrameworksBuildPhase section */

/* Begin PBXGroup section */
		730ECD121D37926E00E92709 = {
			isa = PBXGroup;
			children = (
				730ECD1D1D37926E00E92709 /* WDFCalenderDemo */,
				730ECD371D37926E00E92709 /* WDFCalenderDemoTests */,
				730ECD421D37926E00E92709 /* WDFCalenderDemoUITests */,
				730ECD1C1D37926E00E92709 /* Products */,
			);
			sourceTree = "<group>";
		};
		730ECD1C1D37926E00E92709 /* Products */ = {
			isa = PBXGroup;
			children = (
				730ECD1B1D37926E00E92709 /* WDFCalenderDemo.app */,
				730ECD341D37926E00E92709 /* WDFCalenderDemoTests.xctest */,
				730ECD3F1D37926E00E92709 /* WDFCalenderDemoUITests.xctest */,
			);
			name = Products;
			sourceTree = "<group>";
		};
		730ECD1D1D37926E00E92709 /* WDFCalenderDemo */ = {
			isa = PBXGroup;
			children = (
				730ECD211D37926E00E92709 /* AppDelegate.h */,
				730ECD221D37926E00E92709 /* AppDelegate.m */,
				730ECD241D37926E00E92709 /* ViewController.h */,
				730ECD251D37926E00E92709 /* ViewController.m */,
				730ECD271D37926E00E92709 /* Main.storyboard */,
				730ECD2A1D37926E00E92709 /* Assets.xcassets */,
				730ECD2C1D37926E00E92709 /* LaunchScreen.storyboard */,
				730ECD2F1D37926E00E92709 /* Info.plist */,
				73E4F7751D3C897D00849278 /* New Group */,
				730ECD1E1D37926E00E92709 /* Supporting Files */,
				73E4F77B1D3C8A9D00849278 /* ViewController2.h */,
				73E4F77C1D3C8A9D00849278 /* ViewController2.m */,
				73E4F77D1D3C8A9D00849278 /* ViewController2.xib */,
				73E4F7801D3C8AB000849278 /* ViewController3.h */,
				73E4F7811D3C8AB000849278 /* ViewController3.m */,
				73E4F7821D3C8AB000849278 /* ViewController3.xib */,
				73E4F7851D3C8AC000849278 /* ViewController4.h */,
				73E4F7861D3C8AC000849278 /* ViewController4.m */,
				73E4F7871D3C8AC000849278 /* ViewController4.xib */,
				73E4F7921D3CAE4600849278 /* calss1ViewController.h */,
				73E4F7931D3CAE4600849278 /* calss1ViewController.m */,
				73E4F7941D3CAE4600849278 /* calss1ViewController.xib */,
			);
			path = WDFCalenderDemo;
			sourceTree = "<group>";
		};
		730ECD1E1D37926E00E92709 /* Supporting Files */ = {
			isa = PBXGroup;
			children = (
				730ECD1F1D37926E00E92709 /* main.m */,
			);
			name = "Supporting Files";
			sourceTree = "<group>";
		};
		730ECD371D37926E00E92709 /* WDFCalenderDemoTests */ = {
			isa = PBXGroup;
			children = (
				730ECD381D37926E00E92709 /* WDFCalenderDemoTests.m */,
				730ECD3A1D37926E00E92709 /* Info.plist */,
			);
			path = WDFCalenderDemoTests;
			sourceTree = "<group>";
		};
		730ECD421D37926E00E92709 /* WDFCalenderDemoUITests */ = {
			isa = PBXGroup;
			children = (
				730ECD431D37926E00E92709 /* WDFCalenderDemoUITests.m */,
				730ECD451D37926E00E92709 /* Info.plist */,
			);
			path = WDFCalenderDemoUITests;
			sourceTree = "<group>";
		};
		73E4F7751D3C897D00849278 /* New Group */ = {
			isa = PBXGroup;
			children = (
				730ECD5F1D38BC2300E92709 /* WDFCalenderViewController.h */,
				730ECD601D38BC2300E92709 /* WDFCalenderViewController.m */,
				73E4F7901D3CA54A00849278 /* WDFCalenderViewController.xib */,
				730ECD6C1D39F74600E92709 /* HYCalendarTool.h */,
				730ECD6D1D39F74600E92709 /* HYCalendarTool.m */,
				7399D68D1D3C795B0091C374 /* TemperatureCell.h */,
				7399D68E1D3C795B0091C374 /* TemperatureCell.m */,
				7399D68F1D3C795B0091C374 /* TemperatureCell.xib */,
				730ECD6F1D3A2E9900E92709 /* ExerciseCalenderCell.h */,
				730ECD701D3A2E9900E92709 /* ExerciseCalenderCell.m */,
				730ECD711D3A2E9900E92709 /* ExerciseCalenderCell.xib */,
				7399D6921D3C806B0091C374 /* BloodPressureCell.h */,
				7399D6931D3C806B0091C374 /* BloodPressureCell.m */,
				7399D6941D3C806B0091C374 /* BloodPressureCell.xib */,
			);
			name = "New Group";
			sourceTree = "<group>";
		};
/* End PBXGroup section */

/* Begin PBXNativeTarget section */
		730ECD1A1D37926E00E92709 /* WDFCalenderDemo */ = {
			isa = PBXNativeTarget;
			buildConfigurationList = 730ECD481D37926E00E92709 /* Build configuration list for PBXNativeTarget "WDFCalenderDemo" */;
			buildPhases = (
				730ECD171D37926E00E92709 /* Sources */,
				730ECD181D37926E00E92709 /* Frameworks */,
				730ECD191D37926E00E92709 /* Resources */,
			);
			buildRules = (
			);
			dependencies = (
			);
			name = WDFCalenderDemo;
			productName = WDFCalenderDemo;
			productReference = 730ECD1B1D37926E00E92709 /* WDFCalenderDemo.app */;
			productType = "com.apple.product-type.application";
		};
		730ECD331D37926E00E92709 /* WDFCalenderDemoTests */ = {
			isa = PBXNativeTarget;
			buildConfigurationList = 730ECD4B1D37926E00E92709 /* Build configuration list for PBXNativeTarget "WDFCalenderDemoTests" */;
			buildPhases = (
				730ECD301D37926E00E92709 /* Sources */,
				730ECD311D37926E00E92709 /* Frameworks */,
				730ECD321D37926E00E92709 /* Resources */,
			);
			buildRules = (
			);
			dependencies = (
				730ECD361D37926E00E92709 /* PBXTargetDependency */,
			);
			name = WDFCalenderDemoTests;
			productName = WDFCalenderDemoTests;
			productReference = 730ECD341D37926E00E92709 /* WDFCalenderDemoTests.xctest */;
			productType = "com.apple.product-type.bundle.unit-test";
		};
		730ECD3E1D37926E00E92709 /* WDFCalenderDemoUITests */ = {
			isa = PBXNativeTarget;
			buildConfigurationList = 730ECD4E1D37926E00E92709 /* Build configuration list for PBXNativeTarget "WDFCalenderDemoUITests" */;
			buildPhases = (
				730ECD3B1D37926E00E92709 /* Sources */,
				730ECD3C1D37926E00E92709 /* Frameworks */,
				730ECD3D1D37926E00E92709 /* Resources */,
			);
			buildRules = (
			);
			dependencies = (
				730ECD411D37926E00E92709 /* PBXTargetDependency */,
			);
			name = WDFCalenderDemoUITests;
			productName = WDFCalenderDemoUITests;
			productReference = 730ECD3F1D37926E00E92709 /* WDFCalenderDemoUITests.xctest */;
			productType = "com.apple.product-type.bundle.ui-testing";
		};
/* End PBXNativeTarget section */

/* Begin PBXProject section */
		730ECD131D37926E00E92709 /* Project object */ = {
			isa = PBXProject;
			attributes = {
				LastUpgradeCheck = 0730;
				ORGANIZATIONNAME = HMYD;
				TargetAttributes = {
					730ECD1A1D37926E00E92709 = {
						CreatedOnToolsVersion = 7.3.1;
					};
					730ECD331D37926E00E92709 = {
						CreatedOnToolsVersion = 7.3.1;
						TestTargetID = 730ECD1A1D37926E00E92709;
					};
					730ECD3E1D37926E00E92709 = {
						CreatedOnToolsVersion = 7.3.1;
						TestTargetID = 730ECD1A1D37926E00E92709;
					};
				};
			};
			buildConfigurationList = 730ECD161D37926E00E92709 /* Build configuration list for PBXProject "WDFCalenderDemo" */;
			compatibilityVersion = "Xcode 3.2";
			developmentRegion = English;
			hasScannedForEncodings = 0;
			knownRegions = (
				en,
				Base,
			);
			mainGroup = 730ECD121D37926E00E92709;
			productRefGroup = 730ECD1C1D37926E00E92709 /* Products */;
			projectDirPath = "";
			projectRoot = "";
			targets = (
				730ECD1A1D37926E00E92709 /* WDFCalenderDemo */,
				730ECD331D37926E00E92709 /* WDFCalenderDemoTests */,
				730ECD3E1D37926E00E92709 /* WDFCalenderDemoUITests */,
			);
		};
/* End PBXProject section */

/* Begin PBXResourcesBuildPhase section */
		730ECD191D37926E00E92709 /* Resources */ = {
			isa = PBXResourcesBuildPhase;
			buildActionMask = 2147483647;
			files = (
				7399D6911D3C795B0091C374 /* TemperatureCell.xib in Resources */,
				730ECD731D3A2E9900E92709 /* ExerciseCalenderCell.xib in Resources */,
				73E4F7911D3CA54A00849278 /* WDFCalenderViewController.xib in Resources */,
				730ECD2E1D37926E00E92709 /* LaunchScreen.storyboard in Resources */,
				73E4F7891D3C8AC000849278 /* ViewController4.xib in Resources */,
				73E4F7841D3C8AB000849278 /* ViewController3.xib in Resources */,
				730ECD2B1D37926E00E92709 /* Assets.xcassets in Resources */,
				73E4F77F1D3C8A9D00849278 /* ViewController2.xib in Resources */,
				730ECD291D37926E00E92709 /* Main.storyboard in Resources */,
				7399D6961D3C806B0091C374 /* BloodPressureCell.xib in Resources */,
				73E4F7961D3CAE4600849278 /* calss1ViewController.xib in Resources */,
			);
			runOnlyForDeploymentPostprocessing = 0;
		};
		730ECD321D37926E00E92709 /* Resources */ = {
			isa = PBXResourcesBuildPhase;
			buildActionMask = 2147483647;
			files = (
			);
			runOnlyForDeploymentPostprocessing = 0;
		};
		730ECD3D1D37926E00E92709 /* Resources */ = {
			isa = PBXResourcesBuildPhase;
			buildActionMask = 2147483647;
			files = (
			);
			runOnlyForDeploymentPostprocessing = 0;
		};
/* End PBXResourcesBuildPhase section */

/* Begin PBXSourcesBuildPhase section */
		730ECD171D37926E00E92709 /* Sources */ = {
			isa = PBXSourcesBuildPhase;
			buildActionMask = 2147483647;
			files = (
				730ECD621D38BC2300E92709 /* WDFCalenderViewController.m in Sources */,
				730ECD261D37926E00E92709 /* ViewController.m in Sources */,
				7399D6901D3C795B0091C374 /* TemperatureCell.m in Sources */,
				73E4F7951D3CAE4600849278 /* calss1ViewController.m in Sources */,
				730ECD6E1D39F74600E92709 /* HYCalendarTool.m in Sources */,
				730ECD231D37926E00E92709 /* AppDelegate.m in Sources */,
				730ECD201D37926E00E92709 /* main.m in Sources */,
				730ECD721D3A2E9900E92709 /* ExerciseCalenderCell.m in Sources */,
				73E4F77E1D3C8A9D00849278 /* ViewController2.m in Sources */,
				7399D6951D3C806B0091C374 /* BloodPressureCell.m in Sources */,
				73E4F7831D3C8AB000849278 /* ViewController3.m in Sources */,
				73E4F7881D3C8AC000849278 /* ViewController4.m in Sources */,
			);
			runOnlyForDeploymentPostprocessing = 0;
		};
		730ECD301D37926E00E92709 /* Sources */ = {
			isa = PBXSourcesBuildPhase;
			buildActionMask = 2147483647;
			files = (
				730ECD391D37926E00E92709 /* WDFCalenderDemoTests.m in Sources */,
			);
			runOnlyForDeploymentPostprocessing = 0;
		};
		730ECD3B1D37926E00E92709 /* Sources */ = {
			isa = PBXSourcesBuildPhase;
			buildActionMask = 2147483647;
			files = (
				730ECD441D37926E00E92709 /* WDFCalenderDemoUITests.m in Sources */,
			);
			runOnlyForDeploymentPostprocessing = 0;
		};
/* End PBXSourcesBuildPhase section */

/* Begin PBXTargetDependency section */
		730ECD361D37926E00E92709 /* PBXTargetDependency */ = {
			isa = PBXTargetDependency;
			target = 730ECD1A1D37926E00E92709 /* WDFCalenderDemo */;
			targetProxy = 730ECD351D37926E00E92709 /* PBXContainerItemProxy */;
		};
		730ECD411D37926E00E92709 /* PBXTargetDependency */ = {
			isa = PBXTargetDependency;
			target = 730ECD1A1D37926E00E92709 /* WDFCalenderDemo */;
			targetProxy = 730ECD401D37926E00E92709 /* PBXContainerItemProxy */;
		};
/* End PBXTargetDependency section */

/* Begin PBXVariantGroup section */
		730ECD271D37926E00E92709 /* Main.storyboard */ = {
			isa = PBXVariantGroup;
			children = (
				730ECD281D37926E00E92709 /* Base */,
			);
			name = Main.storyboard;
			sourceTree = "<group>";
		};
		730ECD2C1D37926E00E92709 /* LaunchScreen.storyboard */ = {
			isa = PBXVariantGroup;
			children = (
				730ECD2D1D37926E00E92709 /* Base */,
			);
			name = LaunchScreen.storyboard;
			sourceTree = "<group>";
		};
/* End PBXVariantGroup section */

/* Begin XCBuildConfiguration section */
		730ECD461D37926E00E92709 /* Debug */ = {
			isa = XCBuildConfiguration;
			buildSettings = {
				ALWAYS_SEARCH_USER_PATHS = NO;
				CLANG_ANALYZER_NONNULL = YES;
				CLANG_CXX_LANGUAGE_STANDARD = "gnu++0x";
				CLANG_CXX_LIBRARY = "libc++";
				CLANG_ENABLE_MODULES = YES;
				CLANG_ENABLE_OBJC_ARC = YES;
				CLANG_WARN_BOOL_CONVERSION = YES;
				CLANG_WARN_CONSTANT_CONVERSION = YES;
				CLANG_WARN_DIRECT_OBJC_ISA_USAGE = YES_ERROR;
				CLANG_WARN_EMPTY_BODY = YES;
				CLANG_WARN_ENUM_CONVERSION = YES;
				CLANG_WARN_INT_CONVERSION = YES;
				CLANG_WARN_OBJC_ROOT_CLASS = YES_ERROR;
				CLANG_WARN_UNREACHABLE_CODE = YES;
				CLANG_WARN__DUPLICATE_METHOD_MATCH = YES;
				"CODE_SIGN_IDENTITY[sdk=iphoneos*]" = "iPhone Developer";
				COPY_PHASE_STRIP = NO;
				DEBUG_INFORMATION_FORMAT = dwarf;
				ENABLE_STRICT_OBJC_MSGSEND = YES;
				ENABLE_TESTABILITY = YES;
				GCC_C_LANGUAGE_STANDARD = gnu99;
				GCC_DYNAMIC_NO_PIC = NO;
				GCC_NO_COMMON_BLOCKS = YES;
				GCC_OPTIMIZATION_LEVEL = 0;
				GCC_PREPROCESSOR_DEFINITIONS = (
					"DEBUG=1",
					"$(inherited)",
				);
				GCC_WARN_64_TO_32_BIT_CONVERSION = YES;
				GCC_WARN_ABOUT_RETURN_TYPE = YES_ERROR;
				GCC_WARN_UNDECLARED_SELECTOR = YES;
				GCC_WARN_UNINITIALIZED_AUTOS = YES_AGGRESSIVE;
				GCC_WARN_UNUSED_FUNCTION = YES;
				GCC_WARN_UNUSED_VARIABLE = YES;
				IPHONEOS_DEPLOYMENT_TARGET = 9.3;
				MTL_ENABLE_DEBUG_INFO = YES;
				ONLY_ACTIVE_ARCH = YES;
				SDKROOT = iphoneos;
			};
			name = Debug;
		};
		730ECD471D37926E00E92709 /* Release */ = {
			isa = XCBuildConfiguration;
			buildSettings = {
				ALWAYS_SEARCH_USER_PATHS = NO;
				CLANG_ANALYZER_NONNULL = YES;
				CLANG_CXX_LANGUAGE_STANDARD = "gnu++0x";
				CLANG_CXX_LIBRARY = "libc++";
				CLANG_ENABLE_MODULES = YES;
				CLANG_ENABLE_OBJC_ARC = YES;
				CLANG_WARN_BOOL_CONVERSION = YES;
				CLANG_WARN_CONSTANT_CONVERSION = YES;
				CLANG_WARN_DIRECT_OBJC_ISA_USAGE = YES_ERROR;
				CLANG_WARN_EMPTY_BODY = YES;
				CLANG_WARN_ENUM_CONVERSION = YES;
				CLANG_WARN_INT_CONVERSION = YES;
				CLANG_WARN_OBJC_ROOT_CLASS = YES_ERROR;
				CLANG_WARN_UNREACHABLE_CODE = YES;
				CLANG_WARN__DUPLICATE_METHOD_MATCH = YES;
				"CODE_SIGN_IDENTITY[sdk=iphoneos*]" = "iPhone Developer";
				COPY_PHASE_STRIP = NO;
				DEBUG_INFORMATION_FORMAT = "dwarf-with-dsym";
				ENABLE_NS_ASSERTIONS = NO;
				ENABLE_STRICT_OBJC_MSGSEND = YES;
				GCC_C_LANGUAGE_STANDARD = gnu99;
				GCC_NO_COMMON_BLOCKS = YES;
				GCC_WARN_64_TO_32_BIT_CONVERSION = YES;
				GCC_WARN_ABOUT_RETURN_TYPE = YES_ERROR;
				GCC_WARN_UNDECLARED_SELECTOR = YES;
				GCC_WARN_UNINITIALIZED_AUTOS = YES_AGGRESSIVE;
				GCC_WARN_UNUSED_FUNCTION = YES;
				GCC_WARN_UNUSED_VARIABLE = YES;
				IPHONEOS_DEPLOYMENT_TARGET = 9.3;
				MTL_ENABLE_DEBUG_INFO = NO;
				SDKROOT = iphoneos;
				VALIDATE_PRODUCT = YES;
			};
			name = Release;
		};
		730ECD491D37926E00E92709 /* Debug */ = {
			isa = XCBuildConfiguration;
			buildSettings = {
				ASSETCATALOG_COMPILER_APPICON_NAME = AppIcon;
				INFOPLIST_FILE = WDFCalenderDemo/Info.plist;
				IPHONEOS_DEPLOYMENT_TARGET = 8.1;
				LD_RUNPATH_SEARCH_PATHS = "$(inherited) @executable_path/Frameworks";
				PRODUCT_BUNDLE_IDENTIFIER = cn.hmyd.WDFCalenderDemo;
				PRODUCT_NAME = "$(TARGET_NAME)";
			};
			name = Debug;
		};
		730ECD4A1D37926E00E92709 /* Release */ = {
			isa = XCBuildConfiguration;
			buildSettings = {
				ASSETCATALOG_COMPILER_APPICON_NAME = AppIcon;
				INFOPLIST_FILE = WDFCalenderDemo/Info.plist;
				IPHONEOS_DEPLOYMENT_TARGET = 8.1;
				LD_RUNPATH_SEARCH_PATHS = "$(inherited) @executable_path/Frameworks";
				PRODUCT_BUNDLE_IDENTIFIER = cn.hmyd.WDFCalenderDemo;
				PRODUCT_NAME = "$(TARGET_NAME)";
			};
			name = Release;
		};
		730ECD4C1D37926E00E92709 /* Debug */ = {
			isa = XCBuildConfiguration;
			buildSettings = {
				BUNDLE_LOADER = "$(TEST_HOST)";
				INFOPLIST_FILE = WDFCalenderDemoTests/Info.plist;
				LD_RUNPATH_SEARCH_PATHS = "$(inherited) @executable_path/Frameworks @loader_path/Frameworks";
				PRODUCT_BUNDLE_IDENTIFIER = cn.hmyd.WDFCalenderDemoTests;
				PRODUCT_NAME = "$(TARGET_NAME)";
				TEST_HOST = "$(BUILT_PRODUCTS_DIR)/WDFCalenderDemo.app/WDFCalenderDemo";
			};
			name = Debug;
		};
		730ECD4D1D37926E00E92709 /* Release */ = {
			isa = XCBuildConfiguration;
			buildSettings = {
				BUNDLE_LOADER = "$(TEST_HOST)";
				INFOPLIST_FILE = WDFCalenderDemoTests/Info.plist;
				LD_RUNPATH_SEARCH_PATHS = "$(inherited) @executable_path/Frameworks @loader_path/Frameworks";
				PRODUCT_BUNDLE_IDENTIFIER = cn.hmyd.WDFCalenderDemoTests;
				PRODUCT_NAME = "$(TARGET_NAME)";
				TEST_HOST = "$(BUILT_PRODUCTS_DIR)/WDFCalenderDemo.app/WDFCalenderDemo";
			};
			name = Release;
		};
		730ECD4F1D37926E00E92709 /* Debug */ = {
			isa = XCBuildConfiguration;
			buildSettings = {
				INFOPLIST_FILE = WDFCalenderDemoUITests/Info.plist;
				LD_RUNPATH_SEARCH_PATHS = "$(inherited) @executable_path/Frameworks @loader_path/Frameworks";
				PRODUCT_BUNDLE_IDENTIFIER = cn.hmyd.WDFCalenderDemoUITests;
				PRODUCT_NAME = "$(TARGET_NAME)";
				TEST_TARGET_NAME = WDFCalenderDemo;
			};
			name = Debug;
		};
		730ECD501D37926E00E92709 /* Release */ = {
			isa = XCBuildConfiguration;
			buildSettings = {
				INFOPLIST_FILE = WDFCalenderDemoUITests/Info.plist;
				LD_RUNPATH_SEARCH_PATHS = "$(inherited) @executable_path/Frameworks @loader_path/Frameworks";
				PRODUCT_BUNDLE_IDENTIFIER = cn.hmyd.WDFCalenderDemoUITests;
				PRODUCT_NAME = "$(TARGET_NAME)";
				TEST_TARGET_NAME = WDFCalenderDemo;
			};
			name = Release;
		};
/* End XCBuildConfiguration section */

/* Begin XCConfigurationList section */
		730ECD161D37926E00E92709 /* Build configuration list for PBXProject "WDFCalenderDemo" */ = {
			isa = XCConfigurationList;
			buildConfigurations = (
				730ECD461D37926E00E92709 /* Debug */,
				730ECD471D37926E00E92709 /* Release */,
			);
			defaultConfigurationIsVisible = 0;
			defaultConfigurationName = Release;
		};
		730ECD481D37926E00E92709 /* Build configuration list for PBXNativeTarget "WDFCalenderDemo" */ = {
			isa = XCConfigurationList;
			buildConfigurations = (
				730ECD491D37926E00E92709 /* Debug */,
				730ECD4A1D37926E00E92709 /* Release */,
			);
			defaultConfigurationIsVisible = 0;
			defaultConfigurationName = Release;
		};
		730ECD4B1D37926E00E92709 /* Build configuration list for PBXNativeTarget "WDFCalenderDemoTests" */ = {
			isa = XCConfigurationList;
			buildConfigurations = (
				730ECD4C1D37926E00E92709 /* Debug */,
				730ECD4D1D37926E00E92709 /* Release */,
			);
			defaultConfigurationIsVisible = 0;
			defaultConfigurationName = Release;
		};
		730ECD4E1D37926E00E92709 /* Build configuration list for PBXNativeTarget "WDFCalenderDemoUITests" */ = {
			isa = XCConfigurationList;
			buildConfigurations = (
				730ECD4F1D37926E00E92709 /* Debug */,
				730ECD501D37926E00E92709 /* Release */,
			);
			defaultConfigurationIsVisible = 0;
			defaultConfigurationName = Release;
		};
/* End XCConfigurationList section */
	};
	rootObject = 730ECD131D37926E00E92709 /* Project object */;
}
